// !$*UTF8*$!
{
	archiveVersion = 1;
	classes = {
	};
	objectVersion = 50;
	objects = {

/* Begin PBXBuildFile section */
		8E7B8EE4A083DA5372D96893 /* Pods_PixabayScrapperTests.framework in Frameworks */ = {isa = PBXBuildFile; fileRef = 065BC47DE8350F9B5CDF083E /* Pods_PixabayScrapperTests.framework */; };
		B17AC921A0A7F36753236161 /* Pods_PixabayScrapperUITests.framework in Frameworks */ = {isa = PBXBuildFile; fileRef = 9AE6088C20CBA7C686FEA707 /* Pods_PixabayScrapperUITests.framework */; };
		C58FCCE090C264EF0B87CB70 /* Pods_PixabayScrapper.framework in Frameworks */ = {isa = PBXBuildFile; fileRef = E0DF47B6902B165D250694BC /* Pods_PixabayScrapper.framework */; };
		CE0EB56522B6C54B0039CCD3 /* VideoScrapperView.swift in Sources */ = {isa = PBXBuildFile; fileRef = CE0EB56422B6C54B0039CCD3 /* VideoScrapperView.swift */; };
		CE0EB56922B6C5820039CCD3 /* VideoScrapperCell.swift in Sources */ = {isa = PBXBuildFile; fileRef = CE0EB56722B6C5820039CCD3 /* VideoScrapperCell.swift */; };
		CE0EB56A22B6C5820039CCD3 /* VideoScrapperCell.xib in Resources */ = {isa = PBXBuildFile; fileRef = CE0EB56822B6C5820039CCD3 /* VideoScrapperCell.xib */; };
		CE0EB56C22B6C8AE0039CCD3 /* VideoScrapperViewModel.swift in Sources */ = {isa = PBXBuildFile; fileRef = CE0EB56B22B6C8AE0039CCD3 /* VideoScrapperViewModel.swift */; };
		CE1C268522AD72B6004FF71D /* ImageScrapperView.swift in Sources */ = {isa = PBXBuildFile; fileRef = CE1C268422AD72B6004FF71D /* ImageScrapperView.swift */; };
		CE1C268722AD72C9004FF71D /* ImageScrapperViewModel.swift in Sources */ = {isa = PBXBuildFile; fileRef = CE1C268622AD72C9004FF71D /* ImageScrapperViewModel.swift */; };
		CE1C268B22AD745B004FF71D /* ImageScrapperCell.swift in Sources */ = {isa = PBXBuildFile; fileRef = CE1C268922AD745B004FF71D /* ImageScrapperCell.swift */; };
		CE1C268C22AD745B004FF71D /* ImageScrapperCell.xib in Resources */ = {isa = PBXBuildFile; fileRef = CE1C268A22AD745B004FF71D /* ImageScrapperCell.xib */; };
		CE1C269022AD8722004FF71D /* ScrappedImageDto.swift in Sources */ = {isa = PBXBuildFile; fileRef = CE1C268F22AD8722004FF71D /* ScrappedImageDto.swift */; };
		CE1C269322AD8B71004FF71D /* RequestManagerCore.swift in Sources */ = {isa = PBXBuildFile; fileRef = CE1C269222AD8B71004FF71D /* RequestManagerCore.swift */; };
		CE1C269522AD8B7D004FF71D /* RequestManager.swift in Sources */ = {isa = PBXBuildFile; fileRef = CE1C269422AD8B7D004FF71D /* RequestManager.swift */; };
		CE2A80A022B43E9F00863CE9 /* Global.swift in Sources */ = {isa = PBXBuildFile; fileRef = CE2A809F22B43E9F00863CE9 /* Global.swift */; };
		CE2A80A222B441BC00863CE9 /* PlaceholderView.swift in Sources */ = {isa = PBXBuildFile; fileRef = CE2A80A122B441BC00863CE9 /* PlaceholderView.swift */; };
		CE676E3822BE3D5700DA379B /* VideoPlayerViewController.swift in Sources */ = {isa = PBXBuildFile; fileRef = CE676E3722BE3D5700DA379B /* VideoPlayerViewController.swift */; };
		CE897727227D9A340010F48E /* AppDelegate.swift in Sources */ = {isa = PBXBuildFile; fileRef = CE897726227D9A340010F48E /* AppDelegate.swift */; };
		CE89772E227D9A350010F48E /* Assets.xcassets in Resources */ = {isa = PBXBuildFile; fileRef = CE89772D227D9A350010F48E /* Assets.xcassets */; };
		CE897731227D9A350010F48E /* LaunchScreen.storyboard in Resources */ = {isa = PBXBuildFile; fileRef = CE89772F227D9A350010F48E /* LaunchScreen.storyboard */; };
		CE89773C227D9A360010F48E /* PixabayScrapperTests.swift in Sources */ = {isa = PBXBuildFile; fileRef = CE89773B227D9A360010F48E /* PixabayScrapperTests.swift */; };
		CE897747227D9A360010F48E /* PixabayScrapperUITests.swift in Sources */ = {isa = PBXBuildFile; fileRef = CE897746227D9A360010F48E /* PixabayScrapperUITests.swift */; };
		CE897760227DC30E0010F48E /* Coordinator.swift in Sources */ = {isa = PBXBuildFile; fileRef = CE89775F227DC30E0010F48E /* Coordinator.swift */; };
		CE897762227DC4120010F48E /* AppCorrdinator.swift in Sources */ = {isa = PBXBuildFile; fileRef = CE897761227DC4120010F48E /* AppCorrdinator.swift */; };
		CE897765227DC8F80010F48E /* MainViewController.swift in Sources */ = {isa = PBXBuildFile; fileRef = CE897764227DC8F80010F48E /* MainViewController.swift */; };
		CE897767227DC9600010F48E /* MainView.swift in Sources */ = {isa = PBXBuildFile; fileRef = CE897766227DC9600010F48E /* MainView.swift */; };
		CE897769227DD5FD0010F48E /* MainViewModel.swift in Sources */ = {isa = PBXBuildFile; fileRef = CE897768227DD5FD0010F48E /* MainViewModel.swift */; };
		CE89776B227DDB130010F48E /* MainCoordinator.swift in Sources */ = {isa = PBXBuildFile; fileRef = CE89776A227DDB130010F48E /* MainCoordinator.swift */; };
		CE89776D227DDB200010F48E /* ImageScrapperCoordinator.swift in Sources */ = {isa = PBXBuildFile; fileRef = CE89776C227DDB200010F48E /* ImageScrapperCoordinator.swift */; };
		CE89776F227DDB2B0010F48E /* VideoScrapperCoordinator.swift in Sources */ = {isa = PBXBuildFile; fileRef = CE89776E227DDB2B0010F48E /* VideoScrapperCoordinator.swift */; };
		CE897771227DF1760010F48E /* VideoScrapperViewController.swift in Sources */ = {isa = PBXBuildFile; fileRef = CE897770227DF1760010F48E /* VideoScrapperViewController.swift */; };
		CE897773227DF18B0010F48E /* ImageScrapperViewController.swift in Sources */ = {isa = PBXBuildFile; fileRef = CE897772227DF18B0010F48E /* ImageScrapperViewController.swift */; };
		CE968D9E22B2DFAB00FAD597 /* NetworkingHelper.swift in Sources */ = {isa = PBXBuildFile; fileRef = CE968D9D22B2DFAB00FAD597 /* NetworkingHelper.swift */; };
		CEA31A0822B590BD00F741AE /* ScrappedVideoDto.swift in Sources */ = {isa = PBXBuildFile; fileRef = CEA31A0722B590BD00F741AE /* ScrappedVideoDto.swift */; };
		CEA31A0A22B5937A00F741AE /* ImageFullViewController.swift in Sources */ = {isa = PBXBuildFile; fileRef = CEA31A0922B5937A00F741AE /* ImageFullViewController.swift */; };
		CEA31A0C22B5938C00F741AE /* ImageFullView.swift in Sources */ = {isa = PBXBuildFile; fileRef = CEA31A0B22B5938C00F741AE /* ImageFullView.swift */; };
/* End PBXBuildFile section */

/* Begin PBXContainerItemProxy section */
		CE897738227D9A360010F48E /* PBXContainerItemProxy */ = {
			isa = PBXContainerItemProxy;
			containerPortal = CE89771B227D9A340010F48E /* Project object */;
			proxyType = 1;
			remoteGlobalIDString = CE897722227D9A340010F48E;
			remoteInfo = PixabayScrapper;
		};
		CE897743227D9A360010F48E /* PBXContainerItemProxy */ = {
			isa = PBXContainerItemProxy;
			containerPortal = CE89771B227D9A340010F48E /* Project object */;
			proxyType = 1;
			remoteGlobalIDString = CE897722227D9A340010F48E;
			remoteInfo = PixabayScrapper;
		};
/* End PBXContainerItemProxy section */

/* Begin PBXFileReference section */
		065BC47DE8350F9B5CDF083E /* Pods_PixabayScrapperTests.framework */ = {isa = PBXFileReference; explicitFileType = wrapper.framework; includeInIndex = 0; path = Pods_PixabayScrapperTests.framework; sourceTree = BUILT_PRODUCTS_DIR; };
		7E188BF0984EC6D28888DA9C /* Pods-PixabayScrapperTests.debug.xcconfig */ = {isa = PBXFileReference; includeInIndex = 1; lastKnownFileType = text.xcconfig; name = "Pods-PixabayScrapperTests.debug.xcconfig"; path = "Target Support Files/Pods-PixabayScrapperTests/Pods-PixabayScrapperTests.debug.xcconfig"; sourceTree = "<group>"; };
		82F94B3339069976871C424D /* Pods-PixabayScrapperUITests.debug.xcconfig */ = {isa = PBXFileReference; includeInIndex = 1; lastKnownFileType = text.xcconfig; name = "Pods-PixabayScrapperUITests.debug.xcconfig"; path = "Target Support Files/Pods-PixabayScrapperUITests/Pods-PixabayScrapperUITests.debug.xcconfig"; sourceTree = "<group>"; };
		99D9AF113ACB6FE310A2BF70 /* Pods-PixabayScrapperTests.release.xcconfig */ = {isa = PBXFileReference; includeInIndex = 1; lastKnownFileType = text.xcconfig; name = "Pods-PixabayScrapperTests.release.xcconfig"; path = "Target Support Files/Pods-PixabayScrapperTests/Pods-PixabayScrapperTests.release.xcconfig"; sourceTree = "<group>"; };
		9AE6088C20CBA7C686FEA707 /* Pods_PixabayScrapperUITests.framework */ = {isa = PBXFileReference; explicitFileType = wrapper.framework; includeInIndex = 0; path = Pods_PixabayScrapperUITests.framework; sourceTree = BUILT_PRODUCTS_DIR; };
		9D2608A973FDBD480DAA49D8 /* Pods-PixabayScrapper.debug.xcconfig */ = {isa = PBXFileReference; includeInIndex = 1; lastKnownFileType = text.xcconfig; name = "Pods-PixabayScrapper.debug.xcconfig"; path = "Target Support Files/Pods-PixabayScrapper/Pods-PixabayScrapper.debug.xcconfig"; sourceTree = "<group>"; };
		C3235D17CFA5EDE2887148E4 /* Pods-PixabayScrapperUITests.release.xcconfig */ = {isa = PBXFileReference; includeInIndex = 1; lastKnownFileType = text.xcconfig; name = "Pods-PixabayScrapperUITests.release.xcconfig"; path = "Target Support Files/Pods-PixabayScrapperUITests/Pods-PixabayScrapperUITests.release.xcconfig"; sourceTree = "<group>"; };
		CE0EB56422B6C54B0039CCD3 /* VideoScrapperView.swift */ = {isa = PBXFileReference; lastKnownFileType = sourcecode.swift; path = VideoScrapperView.swift; sourceTree = "<group>"; };
		CE0EB56722B6C5820039CCD3 /* VideoScrapperCell.swift */ = {isa = PBXFileReference; lastKnownFileType = sourcecode.swift; path = VideoScrapperCell.swift; sourceTree = "<group>"; };
		CE0EB56822B6C5820039CCD3 /* VideoScrapperCell.xib */ = {isa = PBXFileReference; lastKnownFileType = file.xib; path = VideoScrapperCell.xib; sourceTree = "<group>"; };
		CE0EB56B22B6C8AE0039CCD3 /* VideoScrapperViewModel.swift */ = {isa = PBXFileReference; lastKnownFileType = sourcecode.swift; path = VideoScrapperViewModel.swift; sourceTree = "<group>"; };
		CE1C268422AD72B6004FF71D /* ImageScrapperView.swift */ = {isa = PBXFileReference; lastKnownFileType = sourcecode.swift; path = ImageScrapperView.swift; sourceTree = "<group>"; };
		CE1C268622AD72C9004FF71D /* ImageScrapperViewModel.swift */ = {isa = PBXFileReference; lastKnownFileType = sourcecode.swift; path = ImageScrapperViewModel.swift; sourceTree = "<group>"; };
		CE1C268922AD745B004FF71D /* ImageScrapperCell.swift */ = {isa = PBXFileReference; lastKnownFileType = sourcecode.swift; path = ImageScrapperCell.swift; sourceTree = "<group>"; };
		CE1C268A22AD745B004FF71D /* ImageScrapperCell.xib */ = {isa = PBXFileReference; lastKnownFileType = file.xib; path = ImageScrapperCell.xib; sourceTree = "<group>"; };
		CE1C268F22AD8722004FF71D /* ScrappedImageDto.swift */ = {isa = PBXFileReference; lastKnownFileType = sourcecode.swift; path = ScrappedImageDto.swift; sourceTree = "<group>"; };
		CE1C269222AD8B71004FF71D /* RequestManagerCore.swift */ = {isa = PBXFileReference; lastKnownFileType = sourcecode.swift; path = RequestManagerCore.swift; sourceTree = "<group>"; };
		CE1C269422AD8B7D004FF71D /* RequestManager.swift */ = {isa = PBXFileReference; lastKnownFileType = sourcecode.swift; path = RequestManager.swift; sourceTree = "<group>"; };
		CE2A809F22B43E9F00863CE9 /* Global.swift */ = {isa = PBXFileReference; lastKnownFileType = sourcecode.swift; path = Global.swift; sourceTree = "<group>"; };
		CE2A80A122B441BC00863CE9 /* PlaceholderView.swift */ = {isa = PBXFileReference; lastKnownFileType = sourcecode.swift; path = PlaceholderView.swift; sourceTree = "<group>"; };
		CE676E3722BE3D5700DA379B /* VideoPlayerViewController.swift */ = {isa = PBXFileReference; lastKnownFileType = sourcecode.swift; path = VideoPlayerViewController.swift; sourceTree = "<group>"; };
		CE897723227D9A340010F48E /* PixabayScrapper.app */ = {isa = PBXFileReference; explicitFileType = wrapper.application; includeInIndex = 0; path = PixabayScrapper.app; sourceTree = BUILT_PRODUCTS_DIR; };
		CE897726227D9A340010F48E /* AppDelegate.swift */ = {isa = PBXFileReference; lastKnownFileType = sourcecode.swift; path = AppDelegate.swift; sourceTree = "<group>"; };
		CE89772D227D9A350010F48E /* Assets.xcassets */ = {isa = PBXFileReference; lastKnownFileType = folder.assetcatalog; path = Assets.xcassets; sourceTree = "<group>"; };
		CE897730227D9A350010F48E /* Base */ = {isa = PBXFileReference; lastKnownFileType = file.storyboard; name = Base; path = Base.lproj/LaunchScreen.storyboard; sourceTree = "<group>"; };
		CE897732227D9A360010F48E /* Info.plist */ = {isa = PBXFileReference; lastKnownFileType = text.plist.xml; path = Info.plist; sourceTree = "<group>"; };
		CE897737227D9A360010F48E /* PixabayScrapperTests.xctest */ = {isa = PBXFileReference; explicitFileType = wrapper.cfbundle; includeInIndex = 0; path = PixabayScrapperTests.xctest; sourceTree = BUILT_PRODUCTS_DIR; };
		CE89773B227D9A360010F48E /* PixabayScrapperTests.swift */ = {isa = PBXFileReference; lastKnownFileType = sourcecode.swift; path = PixabayScrapperTests.swift; sourceTree = "<group>"; };
		CE89773D227D9A360010F48E /* Info.plist */ = {isa = PBXFileReference; lastKnownFileType = text.plist.xml; path = Info.plist; sourceTree = "<group>"; };
		CE897742227D9A360010F48E /* PixabayScrapperUITests.xctest */ = {isa = PBXFileReference; explicitFileType = wrapper.cfbundle; includeInIndex = 0; path = PixabayScrapperUITests.xctest; sourceTree = BUILT_PRODUCTS_DIR; };
		CE897746227D9A360010F48E /* PixabayScrapperUITests.swift */ = {isa = PBXFileReference; lastKnownFileType = sourcecode.swift; path = PixabayScrapperUITests.swift; sourceTree = "<group>"; };
		CE897748227D9A360010F48E /* Info.plist */ = {isa = PBXFileReference; lastKnownFileType = text.plist.xml; path = Info.plist; sourceTree = "<group>"; };
		CE89775F227DC30E0010F48E /* Coordinator.swift */ = {isa = PBXFileReference; lastKnownFileType = sourcecode.swift; path = Coordinator.swift; sourceTree = "<group>"; };
		CE897761227DC4120010F48E /* AppCorrdinator.swift */ = {isa = PBXFileReference; lastKnownFileType = sourcecode.swift; path = AppCorrdinator.swift; sourceTree = "<group>"; };
		CE897764227DC8F80010F48E /* MainViewController.swift */ = {isa = PBXFileReference; lastKnownFileType = sourcecode.swift; path = MainViewController.swift; sourceTree = "<group>"; };
		CE897766227DC9600010F48E /* MainView.swift */ = {isa = PBXFileReference; lastKnownFileType = sourcecode.swift; path = MainView.swift; sourceTree = "<group>"; };
		CE897768227DD5FD0010F48E /* MainViewModel.swift */ = {isa = PBXFileReference; lastKnownFileType = sourcecode.swift; path = MainViewModel.swift; sourceTree = "<group>"; };
		CE89776A227DDB130010F48E /* MainCoordinator.swift */ = {isa = PBXFileReference; lastKnownFileType = sourcecode.swift; path = MainCoordinator.swift; sourceTree = "<group>"; };
		CE89776C227DDB200010F48E /* ImageScrapperCoordinator.swift */ = {isa = PBXFileReference; lastKnownFileType = sourcecode.swift; path = ImageScrapperCoordinator.swift; sourceTree = "<group>"; };
		CE89776E227DDB2B0010F48E /* VideoScrapperCoordinator.swift */ = {isa = PBXFileReference; lastKnownFileType = sourcecode.swift; path = VideoScrapperCoordinator.swift; sourceTree = "<group>"; };
		CE897770227DF1760010F48E /* VideoScrapperViewController.swift */ = {isa = PBXFileReference; lastKnownFileType = sourcecode.swift; path = VideoScrapperViewController.swift; sourceTree = "<group>"; };
		CE897772227DF18B0010F48E /* ImageScrapperViewController.swift */ = {isa = PBXFileReference; lastKnownFileType = sourcecode.swift; path = ImageScrapperViewController.swift; sourceTree = "<group>"; };
		CE968D9D22B2DFAB00FAD597 /* NetworkingHelper.swift */ = {isa = PBXFileReference; lastKnownFileType = sourcecode.swift; path = NetworkingHelper.swift; sourceTree = "<group>"; };
		CEA31A0722B590BD00F741AE /* ScrappedVideoDto.swift */ = {isa = PBXFileReference; lastKnownFileType = sourcecode.swift; path = ScrappedVideoDto.swift; sourceTree = "<group>"; };
		CEA31A0922B5937A00F741AE /* ImageFullViewController.swift */ = {isa = PBXFileReference; lastKnownFileType = sourcecode.swift; path = ImageFullViewController.swift; sourceTree = "<group>"; };
		CEA31A0B22B5938C00F741AE /* ImageFullView.swift */ = {isa = PBXFileReference; lastKnownFileType = sourcecode.swift; path = ImageFullView.swift; sourceTree = "<group>"; };
		E0DF47B6902B165D250694BC /* Pods_PixabayScrapper.framework */ = {isa = PBXFileReference; explicitFileType = wrapper.framework; includeInIndex = 0; path = Pods_PixabayScrapper.framework; sourceTree = BUILT_PRODUCTS_DIR; };
		FC3F9A9AAD1BC65A770ECE22 /* Pods-PixabayScrapper.release.xcconfig */ = {isa = PBXFileReference; includeInIndex = 1; lastKnownFileType = text.xcconfig; name = "Pods-PixabayScrapper.release.xcconfig"; path = "Target Support Files/Pods-PixabayScrapper/Pods-PixabayScrapper.release.xcconfig"; sourceTree = "<group>"; };
/* End PBXFileReference section */

/* Begin PBXFrameworksBuildPhase section */
		CE897720227D9A340010F48E /* Frameworks */ = {
			isa = PBXFrameworksBuildPhase;
			buildActionMask = 2147483647;
			files = (
				C58FCCE090C264EF0B87CB70 /* Pods_PixabayScrapper.framework in Frameworks */,
			);
			runOnlyForDeploymentPostprocessing = 0;
		};
		CE897734227D9A360010F48E /* Frameworks */ = {
			isa = PBXFrameworksBuildPhase;
			buildActionMask = 2147483647;
			files = (
				8E7B8EE4A083DA5372D96893 /* Pods_PixabayScrapperTests.framework in Frameworks */,
			);
			runOnlyForDeploymentPostprocessing = 0;
		};
		CE89773F227D9A360010F48E /* Frameworks */ = {
			isa = PBXFrameworksBuildPhase;
			buildActionMask = 2147483647;
			files = (
				B17AC921A0A7F36753236161 /* Pods_PixabayScrapperUITests.framework in Frameworks */,
			);
			runOnlyForDeploymentPostprocessing = 0;
		};
/* End PBXFrameworksBuildPhase section */

/* Begin PBXGroup section */
		87EA600CD2A4D92A11AA52B0 /* Pods */ = {
			isa = PBXGroup;
			children = (
				9D2608A973FDBD480DAA49D8 /* Pods-PixabayScrapper.debug.xcconfig */,
				FC3F9A9AAD1BC65A770ECE22 /* Pods-PixabayScrapper.release.xcconfig */,
				7E188BF0984EC6D28888DA9C /* Pods-PixabayScrapperTests.debug.xcconfig */,
				99D9AF113ACB6FE310A2BF70 /* Pods-PixabayScrapperTests.release.xcconfig */,
				82F94B3339069976871C424D /* Pods-PixabayScrapperUITests.debug.xcconfig */,
				C3235D17CFA5EDE2887148E4 /* Pods-PixabayScrapperUITests.release.xcconfig */,
			);
			path = Pods;
			sourceTree = "<group>";
		};
		A29DB06CD6F777753FE2AD21 /* Frameworks */ = {
			isa = PBXGroup;
			children = (
				E0DF47B6902B165D250694BC /* Pods_PixabayScrapper.framework */,
				065BC47DE8350F9B5CDF083E /* Pods_PixabayScrapperTests.framework */,
				9AE6088C20CBA7C686FEA707 /* Pods_PixabayScrapperUITests.framework */,
			);
			name = Frameworks;
			sourceTree = "<group>";
		};
		CE0EB56622B6C5630039CCD3 /* Cells */ = {
			isa = PBXGroup;
			children = (
				CE0EB56722B6C5820039CCD3 /* VideoScrapperCell.swift */,
				CE0EB56822B6C5820039CCD3 /* VideoScrapperCell.xib */,
			);
			path = Cells;
			sourceTree = "<group>";
		};
		CE1C268822AD7436004FF71D /* Cells */ = {
			isa = PBXGroup;
			children = (
				CE1C268922AD745B004FF71D /* ImageScrapperCell.swift */,
				CE1C268A22AD745B004FF71D /* ImageScrapperCell.xib */,
			);
			path = Cells;
			sourceTree = "<group>";
		};
		CE1C269122AD8B5B004FF71D /* Networking */ = {
			isa = PBXGroup;
			children = (
				CE1C269222AD8B71004FF71D /* RequestManagerCore.swift */,
				CE1C269422AD8B7D004FF71D /* RequestManager.swift */,
				CE968D9D22B2DFAB00FAD597 /* NetworkingHelper.swift */,
			);
			path = Networking;
			sourceTree = "<group>";
		};
		CE89771A227D9A340010F48E = {
			isa = PBXGroup;
			children = (
				CE897725227D9A340010F48E /* PixabayScrapper */,
				CE89773A227D9A360010F48E /* PixabayScrapperTests */,
				CE897745227D9A360010F48E /* PixabayScrapperUITests */,
				CE897724227D9A340010F48E /* Products */,
				87EA600CD2A4D92A11AA52B0 /* Pods */,
				A29DB06CD6F777753FE2AD21 /* Frameworks */,
			);
			sourceTree = "<group>";
		};
		CE897724227D9A340010F48E /* Products */ = {
			isa = PBXGroup;
			children = (
				CE897723227D9A340010F48E /* PixabayScrapper.app */,
				CE897737227D9A360010F48E /* PixabayScrapperTests.xctest */,
				CE897742227D9A360010F48E /* PixabayScrapperUITests.xctest */,
			);
			name = Products;
			sourceTree = "<group>";
		};
		CE897725227D9A340010F48E /* PixabayScrapper */ = {
			isa = PBXGroup;
			children = (
				CE1C269122AD8B5B004FF71D /* Networking */,
				CE897756227DC13C0010F48E /* Modules */,
				CE897755227DC1330010F48E /* Model */,
				CE897754227DC12A0010F48E /* Coordinator */,
				CE897726227D9A340010F48E /* AppDelegate.swift */,
				CE89772D227D9A350010F48E /* Assets.xcassets */,
				CE89772F227D9A350010F48E /* LaunchScreen.storyboard */,
				CE897732227D9A360010F48E /* Info.plist */,
				CE2A809F22B43E9F00863CE9 /* Global.swift */,
			);
			path = PixabayScrapper;
			sourceTree = "<group>";
		};
		CE89773A227D9A360010F48E /* PixabayScrapperTests */ = {
			isa = PBXGroup;
			children = (
				CE89773B227D9A360010F48E /* PixabayScrapperTests.swift */,
				CE89773D227D9A360010F48E /* Info.plist */,
			);
			path = PixabayScrapperTests;
			sourceTree = "<group>";
		};
		CE897745227D9A360010F48E /* PixabayScrapperUITests */ = {
			isa = PBXGroup;
			children = (
				CE897746227D9A360010F48E /* PixabayScrapperUITests.swift */,
				CE897748227D9A360010F48E /* Info.plist */,
			);
			path = PixabayScrapperUITests;
			sourceTree = "<group>";
		};
		CE897754227DC12A0010F48E /* Coordinator */ = {
			isa = PBXGroup;
			children = (
				CE89775F227DC30E0010F48E /* Coordinator.swift */,
				CE897761227DC4120010F48E /* AppCorrdinator.swift */,
				CE89776A227DDB130010F48E /* MainCoordinator.swift */,
				CE89776C227DDB200010F48E /* ImageScrapperCoordinator.swift */,
				CE89776E227DDB2B0010F48E /* VideoScrapperCoordinator.swift */,
			);
			path = Coordinator;
			sourceTree = "<group>";
		};
		CE897755227DC1330010F48E /* Model */ = {
			isa = PBXGroup;
			children = (
				CE1C268F22AD8722004FF71D /* ScrappedImageDto.swift */,
				CEA31A0722B590BD00F741AE /* ScrappedVideoDto.swift */,
			);
			path = Model;
			sourceTree = "<group>";
		};
		CE897756227DC13C0010F48E /* Modules */ = {
			isa = PBXGroup;
			children = (
				CE897763227DC8CF0010F48E /* Main */,
				CE897758227DC14E0010F48E /* VideoScrapper */,
				CE897757227DC1410010F48E /* ImageScrapper */,
				CE2A80A122B441BC00863CE9 /* PlaceholderView.swift */,
			);
			path = Modules;
			sourceTree = "<group>";
		};
		CE897757227DC1410010F48E /* ImageScrapper */ = {
			isa = PBXGroup;
			children = (
				CE1C268822AD7436004FF71D /* Cells */,
				CE89775B227DC1630010F48E /* Controller */,
				CE89775A227DC15D0010F48E /* ViewModel */,
				CE897759227DC1580010F48E /* View */,
			);
			path = ImageScrapper;
			sourceTree = "<group>";
		};
		CE897758227DC14E0010F48E /* VideoScrapper */ = {
			isa = PBXGroup;
			children = (
				CE0EB56622B6C5630039CCD3 /* Cells */,
				CE89775E227DC1790010F48E /* Controller */,
				CE89775C227DC16D0010F48E /* View */,
				CE89775D227DC1730010F48E /* ViewModel */,
			);
			path = VideoScrapper;
			sourceTree = "<group>";
		};
		CE897759227DC1580010F48E /* View */ = {
			isa = PBXGroup;
			children = (
				CE1C268422AD72B6004FF71D /* ImageScrapperView.swift */,
				CEA31A0B22B5938C00F741AE /* ImageFullView.swift */,
			);
			path = View;
			sourceTree = "<group>";
		};
		CE89775A227DC15D0010F48E /* ViewModel */ = {
			isa = PBXGroup;
			children = (
				CE1C268622AD72C9004FF71D /* ImageScrapperViewModel.swift */,
			);
			path = ViewModel;
			sourceTree = "<group>";
		};
		CE89775B227DC1630010F48E /* Controller */ = {
			isa = PBXGroup;
			children = (
				CE897772227DF18B0010F48E /* ImageScrapperViewController.swift */,
				CEA31A0922B5937A00F741AE /* ImageFullViewController.swift */,
			);
			path = Controller;
			sourceTree = "<group>";
		};
		CE89775C227DC16D0010F48E /* View */ = {
			isa = PBXGroup;
			children = (
				CE0EB56422B6C54B0039CCD3 /* VideoScrapperView.swift */,
			);
			path = View;
			sourceTree = "<group>";
		};
		CE89775D227DC1730010F48E /* ViewModel */ = {
			isa = PBXGroup;
			children = (
				CE0EB56B22B6C8AE0039CCD3 /* VideoScrapperViewModel.swift */,
			);
			path = ViewModel;
			sourceTree = "<group>";
		};
		CE89775E227DC1790010F48E /* Controller */ = {
			isa = PBXGroup;
			children = (
				CE897770227DF1760010F48E /* VideoScrapperViewController.swift */,
				CE676E3722BE3D5700DA379B /* VideoPlayerViewController.swift */,
			);
			path = Controller;
			sourceTree = "<group>";
		};
		CE897763227DC8CF0010F48E /* Main */ = {
			isa = PBXGroup;
			children = (
				CE897764227DC8F80010F48E /* MainViewController.swift */,
				CE897766227DC9600010F48E /* MainView.swift */,
				CE897768227DD5FD0010F48E /* MainViewModel.swift */,
			);
			path = Main;
			sourceTree = "<group>";
		};
/* End PBXGroup section */

/* Begin PBXNativeTarget section */
		CE897722227D9A340010F48E /* PixabayScrapper */ = {
			isa = PBXNativeTarget;
			buildConfigurationList = CE89774B227D9A360010F48E /* Build configuration list for PBXNativeTarget "PixabayScrapper" */;
			buildPhases = (
				431939C5CCB92ADB0B79109D /* [CP] Check Pods Manifest.lock */,
				CE89771F227D9A340010F48E /* Sources */,
				CE897720227D9A340010F48E /* Frameworks */,
				CE897721227D9A340010F48E /* Resources */,
				BB12F9C0916C18D88BE4003E /* [CP] Embed Pods Frameworks */,
			);
			buildRules = (
			);
			dependencies = (
			);
			name = PixabayScrapper;
			productName = PixabayScrapper;
			productReference = CE897723227D9A340010F48E /* PixabayScrapper.app */;
			productType = "com.apple.product-type.application";
		};
		CE897736227D9A360010F48E /* PixabayScrapperTests */ = {
			isa = PBXNativeTarget;
			buildConfigurationList = CE89774E227D9A360010F48E /* Build configuration list for PBXNativeTarget "PixabayScrapperTests" */;
			buildPhases = (
				0A89C144671A74ABBA5D6C89 /* [CP] Check Pods Manifest.lock */,
				CE897733227D9A360010F48E /* Sources */,
				CE897734227D9A360010F48E /* Frameworks */,
				CE897735227D9A360010F48E /* Resources */,
			);
			buildRules = (
			);
			dependencies = (
				CE897739227D9A360010F48E /* PBXTargetDependency */,
			);
			name = PixabayScrapperTests;
			productName = PixabayScrapperTests;
			productReference = CE897737227D9A360010F48E /* PixabayScrapperTests.xctest */;
			productType = "com.apple.product-type.bundle.unit-test";
		};
		CE897741227D9A360010F48E /* PixabayScrapperUITests */ = {
			isa = PBXNativeTarget;
			buildConfigurationList = CE897751227D9A360010F48E /* Build configuration list for PBXNativeTarget "PixabayScrapperUITests" */;
			buildPhases = (
				618784D680DB7584355469CD /* [CP] Check Pods Manifest.lock */,
				CE89773E227D9A360010F48E /* Sources */,
				CE89773F227D9A360010F48E /* Frameworks */,
				CE897740227D9A360010F48E /* Resources */,
			);
			buildRules = (
			);
			dependencies = (
				CE897744227D9A360010F48E /* PBXTargetDependency */,
			);
			name = PixabayScrapperUITests;
			productName = PixabayScrapperUITests;
			productReference = CE897742227D9A360010F48E /* PixabayScrapperUITests.xctest */;
			productType = "com.apple.product-type.bundle.ui-testing";
		};
/* End PBXNativeTarget section */

/* Begin PBXProject section */
		CE89771B227D9A340010F48E /* Project object */ = {
			isa = PBXProject;
			attributes = {
				LastSwiftUpdateCheck = 1020;
				LastUpgradeCheck = 1020;
				ORGANIZATIONNAME = "Arkadiusz Staśczak";
				TargetAttributes = {
					CE897722227D9A340010F48E = {
						CreatedOnToolsVersion = 10.2.1;
					};
					CE897736227D9A360010F48E = {
						CreatedOnToolsVersion = 10.2.1;
						TestTargetID = CE897722227D9A340010F48E;
					};
					CE897741227D9A360010F48E = {
						CreatedOnToolsVersion = 10.2.1;
						TestTargetID = CE897722227D9A340010F48E;
					};
				};
			};
			buildConfigurationList = CE89771E227D9A340010F48E /* Build configuration list for PBXProject "PixabayScrapper" */;
			compatibilityVersion = "Xcode 9.3";
			developmentRegion = en;
			hasScannedForEncodings = 0;
			knownRegions = (
				en,
				Base,
			);
			mainGroup = CE89771A227D9A340010F48E;
			productRefGroup = CE897724227D9A340010F48E /* Products */;
			projectDirPath = "";
			projectRoot = "";
			targets = (
				CE897722227D9A340010F48E /* PixabayScrapper */,
				CE897736227D9A360010F48E /* PixabayScrapperTests */,
				CE897741227D9A360010F48E /* PixabayScrapperUITests */,
			);
		};
/* End PBXProject section */

/* Begin PBXResourcesBuildPhase section */
		CE897721227D9A340010F48E /* Resources */ = {
			isa = PBXResourcesBuildPhase;
			buildActionMask = 2147483647;
			files = (
				CE897731227D9A350010F48E /* LaunchScreen.storyboard in Resources */,
				CE0EB56A22B6C5820039CCD3 /* VideoScrapperCell.xib in Resources */,
				CE1C268C22AD745B004FF71D /* ImageScrapperCell.xib in Resources */,
				CE89772E227D9A350010F48E /* Assets.xcassets in Resources */,
			);
			runOnlyForDeploymentPostprocessing = 0;
		};
		CE897735227D9A360010F48E /* Resources */ = {
			isa = PBXResourcesBuildPhase;
			buildActionMask = 2147483647;
			files = (
			);
			runOnlyForDeploymentPostprocessing = 0;
		};
		CE897740227D9A360010F48E /* Resources */ = {
			isa = PBXResourcesBuildPhase;
			buildActionMask = 2147483647;
			files = (
			);
			runOnlyForDeploymentPostprocessing = 0;
		};
/* End PBXResourcesBuildPhase section */

/* Begin PBXShellScriptBuildPhase section */
		0A89C144671A74ABBA5D6C89 /* [CP] Check Pods Manifest.lock */ = {
			isa = PBXShellScriptBuildPhase;
			buildActionMask = 2147483647;
			files = (
			);
			inputFileListPaths = (
			);
			inputPaths = (
				"${PODS_PODFILE_DIR_PATH}/Podfile.lock",
				"${PODS_ROOT}/Manifest.lock",
			);
			name = "[CP] Check Pods Manifest.lock";
			outputFileListPaths = (
			);
			outputPaths = (
				"$(DERIVED_FILE_DIR)/Pods-PixabayScrapperTests-checkManifestLockResult.txt",
			);
			runOnlyForDeploymentPostprocessing = 0;
			shellPath = /bin/sh;
			shellScript = "diff \"${PODS_PODFILE_DIR_PATH}/Podfile.lock\" \"${PODS_ROOT}/Manifest.lock\" > /dev/null\nif [ $? != 0 ] ; then\n    # print error to STDERR\n    echo \"error: The sandbox is not in sync with the Podfile.lock. Run 'pod install' or update your CocoaPods installation.\" >&2\n    exit 1\nfi\n# This output is used by Xcode 'outputs' to avoid re-running this script phase.\necho \"SUCCESS\" > \"${SCRIPT_OUTPUT_FILE_0}\"\n";
			showEnvVarsInLog = 0;
		};
		431939C5CCB92ADB0B79109D /* [CP] Check Pods Manifest.lock */ = {
			isa = PBXShellScriptBuildPhase;
			buildActionMask = 2147483647;
			files = (
			);
			inputFileListPaths = (
			);
			inputPaths = (
				"${PODS_PODFILE_DIR_PATH}/Podfile.lock",
				"${PODS_ROOT}/Manifest.lock",
			);
			name = "[CP] Check Pods Manifest.lock";
			outputFileListPaths = (
			);
			outputPaths = (
				"$(DERIVED_FILE_DIR)/Pods-PixabayScrapper-checkManifestLockResult.txt",
			);
			runOnlyForDeploymentPostprocessing = 0;
			shellPath = /bin/sh;
			shellScript = "diff \"${PODS_PODFILE_DIR_PATH}/Podfile.lock\" \"${PODS_ROOT}/Manifest.lock\" > /dev/null\nif [ $? != 0 ] ; then\n    # print error to STDERR\n    echo \"error: The sandbox is not in sync with the Podfile.lock. Run 'pod install' or update your CocoaPods installation.\" >&2\n    exit 1\nfi\n# This output is used by Xcode 'outputs' to avoid re-running this script phase.\necho \"SUCCESS\" > \"${SCRIPT_OUTPUT_FILE_0}\"\n";
			showEnvVarsInLog = 0;
		};
		618784D680DB7584355469CD /* [CP] Check Pods Manifest.lock */ = {
			isa = PBXShellScriptBuildPhase;
			buildActionMask = 2147483647;
			files = (
			);
			inputFileListPaths = (
			);
			inputPaths = (
				"${PODS_PODFILE_DIR_PATH}/Podfile.lock",
				"${PODS_ROOT}/Manifest.lock",
			);
			name = "[CP] Check Pods Manifest.lock";
			outputFileListPaths = (
			);
			outputPaths = (
				"$(DERIVED_FILE_DIR)/Pods-PixabayScrapperUITests-checkManifestLockResult.txt",
			);
			runOnlyForDeploymentPostprocessing = 0;
			shellPath = /bin/sh;
			shellScript = "diff \"${PODS_PODFILE_DIR_PATH}/Podfile.lock\" \"${PODS_ROOT}/Manifest.lock\" > /dev/null\nif [ $? != 0 ] ; then\n    # print error to STDERR\n    echo \"error: The sandbox is not in sync with the Podfile.lock. Run 'pod install' or update your CocoaPods installation.\" >&2\n    exit 1\nfi\n# This output is used by Xcode 'outputs' to avoid re-running this script phase.\necho \"SUCCESS\" > \"${SCRIPT_OUTPUT_FILE_0}\"\n";
			showEnvVarsInLog = 0;
		};
		BB12F9C0916C18D88BE4003E /* [CP] Embed Pods Frameworks */ = {
			isa = PBXShellScriptBuildPhase;
			buildActionMask = 2147483647;
			files = (
			);
			inputFileListPaths = (
			);
			inputPaths = (
				"${PODS_ROOT}/Target Support Files/Pods-PixabayScrapper/Pods-PixabayScrapper-frameworks.sh",
				"${BUILT_PRODUCTS_DIR}/Alamofire/Alamofire.framework",
				"${BUILT_PRODUCTS_DIR}/Kingfisher/Kingfisher.framework",
				"${BUILT_PRODUCTS_DIR}/RxCocoa/RxCocoa.framework",
				"${BUILT_PRODUCTS_DIR}/RxSwift/RxSwift.framework",
				"${BUILT_PRODUCTS_DIR}/SnapKit/SnapKit.framework",
				"${BUILT_PRODUCTS_DIR}/SwiftyJSON/SwiftyJSON.framework",
			);
			name = "[CP] Embed Pods Frameworks";
			outputFileListPaths = (
			);
			outputPaths = (
				"${TARGET_BUILD_DIR}/${FRAMEWORKS_FOLDER_PATH}/Alamofire.framework",
				"${TARGET_BUILD_DIR}/${FRAMEWORKS_FOLDER_PATH}/Kingfisher.framework",
				"${TARGET_BUILD_DIR}/${FRAMEWORKS_FOLDER_PATH}/RxCocoa.framework",
				"${TARGET_BUILD_DIR}/${FRAMEWORKS_FOLDER_PATH}/RxSwift.framework",
				"${TARGET_BUILD_DIR}/${FRAMEWORKS_FOLDER_PATH}/SnapKit.framework",
				"${TARGET_BUILD_DIR}/${FRAMEWORKS_FOLDER_PATH}/SwiftyJSON.framework",
			);
			runOnlyForDeploymentPostprocessing = 0;
			shellPath = /bin/sh;
			shellScript = "\"${PODS_ROOT}/Target Support Files/Pods-PixabayScrapper/Pods-PixabayScrapper-frameworks.sh\"\n";
			showEnvVarsInLog = 0;
		};
/* End PBXShellScriptBuildPhase section */

/* Begin PBXSourcesBuildPhase section */
		CE89771F227D9A340010F48E /* Sources */ = {
			isa = PBXSourcesBuildPhase;
			buildActionMask = 2147483647;
			files = (
				CE1C269522AD8B7D004FF71D /* RequestManager.swift in Sources */,
				CE1C269322AD8B71004FF71D /* RequestManagerCore.swift in Sources */,
				CE0EB56922B6C5820039CCD3 /* VideoScrapperCell.swift in Sources */,
				CE676E3822BE3D5700DA379B /* VideoPlayerViewController.swift in Sources */,
				CEA31A0822B590BD00F741AE /* ScrappedVideoDto.swift in Sources */,
				CE89776D227DDB200010F48E /* ImageScrapperCoordinator.swift in Sources */,
				CE968D9E22B2DFAB00FAD597 /* NetworkingHelper.swift in Sources */,
				CE2A80A022B43E9F00863CE9 /* Global.swift in Sources */,
				CE89776F227DDB2B0010F48E /* VideoScrapperCoordinator.swift in Sources */,
				CEA31A0C22B5938C00F741AE /* ImageFullView.swift in Sources */,
				CE897760227DC30E0010F48E /* Coordinator.swift in Sources */,
				CE89776B227DDB130010F48E /* MainCoordinator.swift in Sources */,
				CE1C268722AD72C9004FF71D /* ImageScrapperViewModel.swift in Sources */,
				CE0EB56C22B6C8AE0039CCD3 /* VideoScrapperViewModel.swift in Sources */,
				CE1C268522AD72B6004FF71D /* ImageScrapperView.swift in Sources */,
				CE0EB56522B6C54B0039CCD3 /* VideoScrapperView.swift in Sources */,
				CE897762227DC4120010F48E /* AppCorrdinator.swift in Sources */,
				CE897727227D9A340010F48E /* AppDelegate.swift in Sources */,
				CE897767227DC9600010F48E /* MainView.swift in Sources */,
				CE897765227DC8F80010F48E /* MainViewController.swift in Sources */,
				CE897771227DF1760010F48E /* VideoScrapperViewController.swift in Sources */,
				CE1C269022AD8722004FF71D /* ScrappedImageDto.swift in Sources */,
				CEA31A0A22B5937A00F741AE /* ImageFullViewController.swift in Sources */,
				CE897773227DF18B0010F48E /* ImageScrapperViewController.swift in Sources */,
				CE897769227DD5FD0010F48E /* MainViewModel.swift in Sources */,
				CE2A80A222B441BC00863CE9 /* PlaceholderView.swift in Sources */,
				CE1C268B22AD745B004FF71D /* ImageScrapperCell.swift in Sources */,
			);
			runOnlyForDeploymentPostprocessing = 0;
		};
		CE897733227D9A360010F48E /* Sources */ = {
			isa = PBXSourcesBuildPhase;
			buildActionMask = 2147483647;
			files = (
				CE89773C227D9A360010F48E /* PixabayScrapperTests.swift in Sources */,
			);
			runOnlyForDeploymentPostprocessing = 0;
		};
		CE89773E227D9A360010F48E /* Sources */ = {
			isa = PBXSourcesBuildPhase;
			buildActionMask = 2147483647;
			files = (
				CE897747227D9A360010F48E /* PixabayScrapperUITests.swift in Sources */,
			);
			runOnlyForDeploymentPostprocessing = 0;
		};
/* End PBXSourcesBuildPhase section */

/* Begin PBXTargetDependency section */
		CE897739227D9A360010F48E /* PBXTargetDependency */ = {
			isa = PBXTargetDependency;
			target = CE897722227D9A340010F48E /* PixabayScrapper */;
			targetProxy = CE897738227D9A360010F48E /* PBXContainerItemProxy */;
		};
		CE897744227D9A360010F48E /* PBXTargetDependency */ = {
			isa = PBXTargetDependency;
			target = CE897722227D9A340010F48E /* PixabayScrapper */;
			targetProxy = CE897743227D9A360010F48E /* PBXContainerItemProxy */;
		};
/* End PBXTargetDependency section */

/* Begin PBXVariantGroup section */
		CE89772F227D9A350010F48E /* LaunchScreen.storyboard */ = {
			isa = PBXVariantGroup;
			children = (
				CE897730227D9A350010F48E /* Base */,
			);
			name = LaunchScreen.storyboard;
			sourceTree = "<group>";
		};
/* End PBXVariantGroup section */

/* Begin XCBuildConfiguration section */
		CE897749227D9A360010F48E /* Debug */ = {
			isa = XCBuildConfiguration;
			buildSettings = {
				ALWAYS_SEARCH_USER_PATHS = NO;
				CLANG_ANALYZER_NONNULL = YES;
				CLANG_ANALYZER_NUMBER_OBJECT_CONVERSION = YES_AGGRESSIVE;
				CLANG_CXX_LANGUAGE_STANDARD = "gnu++14";
				CLANG_CXX_LIBRARY = "libc++";
				CLANG_ENABLE_MODULES = YES;
				CLANG_ENABLE_OBJC_ARC = YES;
				CLANG_ENABLE_OBJC_WEAK = YES;
				CLANG_WARN_BLOCK_CAPTURE_AUTORELEASING = YES;
				CLANG_WARN_BOOL_CONVERSION = YES;
				CLANG_WARN_COMMA = YES;
				CLANG_WARN_CONSTANT_CONVERSION = YES;
				CLANG_WARN_DEPRECATED_OBJC_IMPLEMENTATIONS = YES;
				CLANG_WARN_DIRECT_OBJC_ISA_USAGE = YES_ERROR;
				CLANG_WARN_DOCUMENTATION_COMMENTS = YES;
				CLANG_WARN_EMPTY_BODY = YES;
				CLANG_WARN_ENUM_CONVERSION = YES;
				CLANG_WARN_INFINITE_RECURSION = YES;
				CLANG_WARN_INT_CONVERSION = YES;
				CLANG_WARN_NON_LITERAL_NULL_CONVERSION = YES;
				CLANG_WARN_OBJC_IMPLICIT_RETAIN_SELF = YES;
				CLANG_WARN_OBJC_LITERAL_CONVERSION = YES;
				CLANG_WARN_OBJC_ROOT_CLASS = YES_ERROR;
				CLANG_WARN_RANGE_LOOP_ANALYSIS = YES;
				CLANG_WARN_STRICT_PROTOTYPES = YES;
				CLANG_WARN_SUSPICIOUS_MOVE = YES;
				CLANG_WARN_UNGUARDED_AVAILABILITY = YES_AGGRESSIVE;
				CLANG_WARN_UNREACHABLE_CODE = YES;
				CLANG_WARN__DUPLICATE_METHOD_MATCH = YES;
				CODE_SIGN_IDENTITY = "iPhone Developer";
				COPY_PHASE_STRIP = NO;
				DEBUG_INFORMATION_FORMAT = dwarf;
				ENABLE_STRICT_OBJC_MSGSEND = YES;
				ENABLE_TESTABILITY = YES;
				GCC_C_LANGUAGE_STANDARD = gnu11;
				GCC_DYNAMIC_NO_PIC = NO;
				GCC_NO_COMMON_BLOCKS = YES;
				GCC_OPTIMIZATION_LEVEL = 0;
				GCC_PREPROCESSOR_DEFINITIONS = (
					"DEBUG=1",
					"$(inherited)",
				);
				GCC_WARN_64_TO_32_BIT_CONVERSION = YES;
				GCC_WARN_ABOUT_RETURN_TYPE = YES_ERROR;
				GCC_WARN_UNDECLARED_SELECTOR = YES;
				GCC_WARN_UNINITIALIZED_AUTOS = YES_AGGRESSIVE;
				GCC_WARN_UNUSED_FUNCTION = YES;
				GCC_WARN_UNUSED_VARIABLE = YES;
				IPHONEOS_DEPLOYMENT_TARGET = 12.2;
				MTL_ENABLE_DEBUG_INFO = INCLUDE_SOURCE;
				MTL_FAST_MATH = YES;
				ONLY_ACTIVE_ARCH = YES;
				SDKROOT = iphoneos;
				SWIFT_ACTIVE_COMPILATION_CONDITIONS = DEBUG;
				SWIFT_OPTIMIZATION_LEVEL = "-Onone";
			};
			name = Debug;
		};
		CE89774A227D9A360010F48E /* Release */ = {
			isa = XCBuildConfiguration;
			buildSettings = {
				ALWAYS_SEARCH_USER_PATHS = NO;
				CLANG_ANALYZER_NONNULL = YES;
				CLANG_ANALYZER_NUMBER_OBJECT_CONVERSION = YES_AGGRESSIVE;
				CLANG_CXX_LANGUAGE_STANDARD = "gnu++14";
				CLANG_CXX_LIBRARY = "libc++";
				CLANG_ENABLE_MODULES = YES;
				CLANG_ENABLE_OBJC_ARC = YES;
				CLANG_ENABLE_OBJC_WEAK = YES;
				CLANG_WARN_BLOCK_CAPTURE_AUTORELEASING = YES;
				CLANG_WARN_BOOL_CONVERSION = YES;
				CLANG_WARN_COMMA = YES;
				CLANG_WARN_CONSTANT_CONVERSION = YES;
				CLANG_WARN_DEPRECATED_OBJC_IMPLEMENTATIONS = YES;
				CLANG_WARN_DIRECT_OBJC_ISA_USAGE = YES_ERROR;
				CLANG_WARN_DOCUMENTATION_COMMENTS = YES;
				CLANG_WARN_EMPTY_BODY = YES;
				CLANG_WARN_ENUM_CONVERSION = YES;
				CLANG_WARN_INFINITE_RECURSION = YES;
				CLANG_WARN_INT_CONVERSION = YES;
				CLANG_WARN_NON_LITERAL_NULL_CONVERSION = YES;
				CLANG_WARN_OBJC_IMPLICIT_RETAIN_SELF = YES;
				CLANG_WARN_OBJC_LITERAL_CONVERSION = YES;
				CLANG_WARN_OBJC_ROOT_CLASS = YES_ERROR;
				CLANG_WARN_RANGE_LOOP_ANALYSIS = YES;
				CLANG_WARN_STRICT_PROTOTYPES = YES;
				CLANG_WARN_SUSPICIOUS_MOVE = YES;
				CLANG_WARN_UNGUARDED_AVAILABILITY = YES_AGGRESSIVE;
				CLANG_WARN_UNREACHABLE_CODE = YES;
				CLANG_WARN__DUPLICATE_METHOD_MATCH = YES;
				CODE_SIGN_IDENTITY = "iPhone Developer";
				COPY_PHASE_STRIP = NO;
				DEBUG_INFORMATION_FORMAT = "dwarf-with-dsym";
				ENABLE_NS_ASSERTIONS = NO;
				ENABLE_STRICT_OBJC_MSGSEND = YES;
				GCC_C_LANGUAGE_STANDARD = gnu11;
				GCC_NO_COMMON_BLOCKS = YES;
				GCC_WARN_64_TO_32_BIT_CONVERSION = YES;
				GCC_WARN_ABOUT_RETURN_TYPE = YES_ERROR;
				GCC_WARN_UNDECLARED_SELECTOR = YES;
				GCC_WARN_UNINITIALIZED_AUTOS = YES_AGGRESSIVE;
				GCC_WARN_UNUSED_FUNCTION = YES;
				GCC_WARN_UNUSED_VARIABLE = YES;
				IPHONEOS_DEPLOYMENT_TARGET = 12.2;
				MTL_ENABLE_DEBUG_INFO = NO;
				MTL_FAST_MATH = YES;
				SDKROOT = iphoneos;
				SWIFT_COMPILATION_MODE = wholemodule;
				SWIFT_OPTIMIZATION_LEVEL = "-O";
				VALIDATE_PRODUCT = YES;
			};
			name = Release;
		};
		CE89774C227D9A360010F48E /* Debug */ = {
			isa = XCBuildConfiguration;
			baseConfigurationReference = 9D2608A973FDBD480DAA49D8 /* Pods-PixabayScrapper.debug.xcconfig */;
			buildSettings = {
				ASSETCATALOG_COMPILER_APPICON_NAME = AppIcon;
				CODE_SIGN_STYLE = Automatic;
				DEVELOPMENT_TEAM = 27WF3M3X85;
				INFOPLIST_FILE = PixabayScrapper/Info.plist;
				LD_RUNPATH_SEARCH_PATHS = (
					"$(inherited)",
					"@executable_path/Frameworks",
				);
				PRODUCT_BUNDLE_IDENTIFIER = arkadiusz.stasczak.PixabayScrapper;
				PRODUCT_NAME = "$(TARGET_NAME)";
				SWIFT_VERSION = 5.0;
				TARGETED_DEVICE_FAMILY = "1,2";
			};
			name = Debug;
		};
		CE89774D227D9A360010F48E /* Release */ = {
			isa = XCBuildConfiguration;
			baseConfigurationReference = FC3F9A9AAD1BC65A770ECE22 /* Pods-PixabayScrapper.release.xcconfig */;
			buildSettings = {
				ASSETCATALOG_COMPILER_APPICON_NAME = AppIcon;
				CODE_SIGN_STYLE = Automatic;
				DEVELOPMENT_TEAM = 27WF3M3X85;
				INFOPLIST_FILE = PixabayScrapper/Info.plist;
				LD_RUNPATH_SEARCH_PATHS = (
					"$(inherited)",
					"@executable_path/Frameworks",
				);
				PRODUCT_BUNDLE_IDENTIFIER = arkadiusz.stasczak.PixabayScrapper;
				PRODUCT_NAME = "$(TARGET_NAME)";
				SWIFT_VERSION = 5.0;
				TARGETED_DEVICE_FAMILY = "1,2";
			};
			name = Release;
		};
		CE89774F227D9A360010F48E /* Debug */ = {
			isa = XCBuildConfiguration;
			baseConfigurationReference = 7E188BF0984EC6D28888DA9C /* Pods-PixabayScrapperTests.debug.xcconfig */;
			buildSettings = {
				ALWAYS_EMBED_SWIFT_STANDARD_LIBRARIES = YES;
				BUNDLE_LOADER = "$(TEST_HOST)";
				CODE_SIGN_STYLE = Automatic;
				INFOPLIST_FILE = PixabayScrapperTests/Info.plist;
				LD_RUNPATH_SEARCH_PATHS = (
					"$(inherited)",
					"@executable_path/Frameworks",
					"@loader_path/Frameworks",
				);
				PRODUCT_BUNDLE_IDENTIFIER = arkadiusz.stasczak.PixabayScrapperTests;
				PRODUCT_NAME = "$(TARGET_NAME)";
				SWIFT_VERSION = 5.0;
				TARGETED_DEVICE_FAMILY = "1,2";
				TEST_HOST = "$(BUILT_PRODUCTS_DIR)/PixabayScrapper.app/PixabayScrapper";
			};
			name = Debug;
		};
		CE897750227D9A360010F48E /* Release */ = {
			isa = XCBuildConfiguration;
			baseConfigurationReference = 99D9AF113ACB6FE310A2BF70 /* Pods-PixabayScrapperTests.release.xcconfig */;
			buildSettings = {
				ALWAYS_EMBED_SWIFT_STANDARD_LIBRARIES = YES;
				BUNDLE_LOADER = "$(TEST_HOST)";
				CODE_SIGN_STYLE = Automatic;
				INFOPLIST_FILE = PixabayScrapperTests/Info.plist;
				LD_RUNPATH_SEARCH_PATHS = (
					"$(inherited)",
					"@executable_path/Frameworks",
					"@loader_path/Frameworks",
				);
				PRODUCT_BUNDLE_IDENTIFIER = arkadiusz.stasczak.PixabayScrapperTests;
				PRODUCT_NAME = "$(TARGET_NAME)";
				SWIFT_VERSION = 5.0;
				TARGETED_DEVICE_FAMILY = "1,2";
				TEST_HOST = "$(BUILT_PRODUCTS_DIR)/PixabayScrapper.app/PixabayScrapper";
			};
			name = Release;
		};
		CE897752227D9A360010F48E /* Debug */ = {
			isa = XCBuildConfiguration;
			baseConfigurationReference = 82F94B3339069976871C424D /* Pods-PixabayScrapperUITests.debug.xcconfig */;
			buildSettings = {
				ALWAYS_EMBED_SWIFT_STANDARD_LIBRARIES = YES;
				CODE_SIGN_STYLE = Automatic;
				INFOPLIST_FILE = PixabayScrapperUITests/Info.plist;
				LD_RUNPATH_SEARCH_PATHS = (
					"$(inherited)",
					"@executable_path/Frameworks",
					"@loader_path/Frameworks",
				);
				PRODUCT_BUNDLE_IDENTIFIER = arkadiusz.stasczak.PixabayScrapperUITests;
				PRODUCT_NAME = "$(TARGET_NAME)";
				SWIFT_VERSION = 5.0;
				TARGETED_DEVICE_FAMILY = "1,2";
				TEST_TARGET_NAME = PixabayScrapper;
			};
			name = Debug;
		};
		CE897753227D9A360010F48E /* Release */ = {
			isa = XCBuildConfiguration;
			baseConfigurationReference = C3235D17CFA5EDE2887148E4 /* Pods-PixabayScrapperUITests.release.xcconfig */;
			buildSettings = {
				ALWAYS_EMBED_SWIFT_STANDARD_LIBRARIES = YES;
				CODE_SIGN_STYLE = Automatic;
				INFOPLIST_FILE = PixabayScrapperUITests/Info.plist;
				LD_RUNPATH_SEARCH_PATHS = (
					"$(inherited)",
					"@executable_path/Frameworks",
					"@loader_path/Frameworks",
				);
				PRODUCT_BUNDLE_IDENTIFIER = arkadiusz.stasczak.PixabayScrapperUITests;
				PRODUCT_NAME = "$(TARGET_NAME)";
				SWIFT_VERSION = 5.0;
				TARGETED_DEVICE_FAMILY = "1,2";
				TEST_TARGET_NAME = PixabayScrapper;
			};
			name = Release;
		};
/* End XCBuildConfiguration section */

/* Begin XCConfigurationList section */
		CE89771E227D9A340010F48E /* Build configuration list for PBXProject "PixabayScrapper" */ = {
			isa = XCConfigurationList;
			buildConfigurations = (
				CE897749227D9A360010F48E /* Debug */,
				CE89774A227D9A360010F48E /* Release */,
			);
			defaultConfigurationIsVisible = 0;
			defaultConfigurationName = Release;
		};
		CE89774B227D9A360010F48E /* Build configuration list for PBXNativeTarget "PixabayScrapper" */ = {
			isa = XCConfigurationList;
			buildConfigurations = (
				CE89774C227D9A360010F48E /* Debug */,
				CE89774D227D9A360010F48E /* Release */,
			);
			defaultConfigurationIsVisible = 0;
			defaultConfigurationName = Release;
		};
		CE89774E227D9A360010F48E /* Build configuration list for PBXNativeTarget "PixabayScrapperTests" */ = {
			isa = XCConfigurationList;
			buildConfigurations = (
				CE89774F227D9A360010F48E /* Debug */,
				CE897750227D9A360010F48E /* Release */,
			);
			defaultConfigurationIsVisible = 0;
			defaultConfigurationName = Release;
		};
		CE897751227D9A360010F48E /* Build configuration list for PBXNativeTarget "PixabayScrapperUITests" */ = {
			isa = XCConfigurationList;
			buildConfigurations = (
				CE897752227D9A360010F48E /* Debug */,
				CE897753227D9A360010F48E /* Release */,
			);
			defaultConfigurationIsVisible = 0;
			defaultConfigurationName = Release;
		};
/* End XCConfigurationList section */
	};
	rootObject = CE89771B227D9A340010F48E /* Project object */;
}
